
Microsoft Visual Studio Solution File, Format Version 12.00
# Visual Studio Version 16
VisualStudioVersion = 16.0.32413.511
MinimumVisualStudioVersion = 10.0.40219.1
Project("{FAE04EC0-301F-11D3-BF4B-00C04F79EFBC}") = "Possible Bipartition", "Possible Bipartition\Possible Bipartition.csproj", "{EDF20482-C1D0-4A10-8386-A48C1DF16CBE}"
EndProject
Global
	GlobalSection(SolutionConfigurationPlatforms) = preSolution
		Debug|Any CPU = Debug|Any CPU
		Release|Any CPU = Release|Any CPU
	EndGlobalSection
	GlobalSection(ProjectConfigurationPlatforms) = postSolution
		{EDF20482-C1D0-4A10-8386-A48C1DF16CBE}.Debug|Any CPU.ActiveCfg = Debug|Any CPU
		{EDF20482-C1D0-4A10-8386-A48C1DF16CBE}.Debug|Any CPU.Build.0 = Debug|Any CPU
		{EDF20482-C1D0-4A10-8386-A48C1DF16CBE}.Release|Any CPU.ActiveCfg = Release|Any CPU
		{EDF20482-C1D0-4A10-8386-A48C1DF16CBE}.Release|Any CPU.Build.0 = Release|Any CPU
	EndGlobalSection
	GlobalSection(SolutionProperties) = preSolution
		HideSolutionNode = FALSE
	EndGlobalSection
	GlobalSection(ExtensibilityGlobals) = postSolution
		SolutionGuid = {4DB59E72-A174-4D05-843D-AF9561052F14}
	EndGlobalSection
EndGlobal
